version = 1
requires-python = ">=3.12"
resolution-markers = [
    "sys_platform == 'win32'",
]
supported-markers = [
    "sys_platform == 'win32'",
]

[[package]]
name = "antlr4-python3-runtime"
version = "4.9.3"
source = { registry = "https://pypi.q.local/simple" }
sdist = { url = "https://pypi.q.local/packages/antlr4-python3-runtime-4.9.3.tar.gz", hash = "sha256:f224469b4168294902bb1efa80a8bf7855f24c99aef99cbefc1bcd3cce77881b" }

[[package]]
name = "argcomplete"
version = "3.6.2"
source = { registry = "https://pypi.q.local/simple" }
wheels = [
    { url = "https://pypi.q.local/packages/argcomplete-3.6.2-py3-none-any.whl", hash = "sha256:65b3133a29ad53fb42c48cf5114752c7ab66c1c38544fdf6460f450c09b42591" },
]

[[package]]
name = "asttokens"
version = "3.0.0"
source = { registry = "https://pypi.q.local/simple" }
wheels = [
    { url = "https://pypi.q.local/packages/asttokens-3.0.0-py3-none-any.whl", hash = "sha256:e3078351a059199dd5138cb1c706e6430c05eff2ff136af5eb4790f9d28932e2" },
]

[[package]]
name = "attrs"
version = "25.3.0"
source = { registry = "https://pypi.q.local/simple" }
wheels = [
    { url = "https://pypi.q.local/packages/attrs-25.3.0-py3-none-any.whl", hash = "sha256:427318ce031701fea540783410126f03899a97ffc6f61596ad581ac2e40e3bc3" },
]

[[package]]
name = "cattrs"
version = "25.1.1"
source = { registry = "https://pypi.q.local/simple" }
dependencies = [
    { name = "attrs", marker = "sys_platform == 'win32'" },
    { name = "typing-extensions", marker = "sys_platform == 'win32'" },
]
wheels = [
    { url = "https://pypi.q.local/packages/cattrs-25.1.1-py3-none-any.whl", hash = "sha256:1b40b2d3402af7be79a7e7e097a9b4cd16d4c06e6d526644b0b26a063a1cc064" },
]

[[package]]
name = "cfgv"
version = "3.4.0"
source = { registry = "https://pypi.q.local/simple" }
wheels = [
    { url = "https://pypi.q.local/packages/cfgv-3.4.0-py2.py3-none-any.whl", hash = "sha256:b7265b1f29fd3316bfcd2b330d63d024f2bfd8bcb8b0272f8e19a504856c48f9" },
]

[[package]]
name = "click"
version = "8.2.1"
source = { registry = "https://pypi.q.local/simple" }
dependencies = [
    { name = "colorama", marker = "sys_platform == 'win32'" },
]
wheels = [
    { url = "https://pypi.q.local/packages/click-8.2.1-py3-none-any.whl", hash = "sha256:61a3265b914e850b85317d0b3109c7f8cd35a670f963866005d6ef1d5175a12b" },
]

[[package]]
name = "colorama"
version = "0.4.6"
source = { registry = "https://pypi.q.local/simple" }
wheels = [
    { url = "https://pypi.q.local/packages/colorama-0.4.6-py2.py3-none-any.whl", hash = "sha256:4f1d9991f5acc0ca119f9d443620b77f9d6b33703e51011c16baf57afb285fc6" },
]

[[package]]
name = "colorlog"
version = "6.9.0"
source = { registry = "https://pypi.q.local/simple" }
dependencies = [
    { name = "colorama", marker = "sys_platform == 'win32'" },
]
wheels = [
    { url = "https://pypi.q.local/packages/colorlog-6.9.0-py3-none-any.whl", hash = "sha256:5906e71acd67cb07a71e779c47c4bcb45fb8c2993eebe9e5adcd6a6f1b283eff" },
]

[[package]]
name = "coverage"
version = "7.9.1"
source = { registry = "https://pypi.q.local/simple" }
wheels = [
    { url = "https://pypi.q.local/packages/coverage-7.9.1-cp312-cp312-win_amd64.whl", hash = "sha256:30f445f85c353090b83e552dcbbdad3ec84c7967e108c3ae54556ca69955563e" },
]

[[package]]
name = "decorator"
version = "5.2.1"
source = { registry = "https://pypi.q.local/simple" }
wheels = [
    { url = "https://pypi.q.local/packages/decorator-5.2.1-py3-none-any.whl", hash = "sha256:d316bb415a2d9e2d2b3abcc4084c6502fc09240e292cd76a76afc106a1c8e04a" },
]

[[package]]
name = "dependency-groups"
version = "1.3.1"
source = { registry = "https://pypi.q.local/simple" }
dependencies = [
    { name = "packaging", marker = "sys_platform == 'win32'" },
]
wheels = [
    { url = "https://pypi.q.local/packages/dependency_groups-1.3.1-py3-none-any.whl", hash = "sha256:51aeaa0dfad72430fcfb7bcdbefbd75f3792e5919563077f30bc0d73f4493030" },
]

[[package]]
name = "distlib"
version = "0.3.9"
source = { registry = "https://pypi.q.local/simple" }
wheels = [
    { url = "https://pypi.q.local/packages/distlib-0.3.9-py2.py3-none-any.whl", hash = "sha256:47f8c22fd27c27e25a65601af709b38e4f0a45ea4fc2e710f65755fa8caaaf87" },
]

[[package]]
name = "executing"
version = "2.2.0"
source = { registry = "https://pypi.q.local/simple" }
wheels = [
    { url = "https://pypi.q.local/packages/executing-2.2.0-py2.py3-none-any.whl", hash = "sha256:11387150cad388d62750327a53d3339fad4888b39a6fe233c3afbb54ecffd3aa" },
]

[[package]]
name = "filelock"
version = "3.18.0"
source = { registry = "https://pypi.q.local/simple" }
wheels = [
    { url = "https://pypi.q.local/packages/filelock-3.18.0-py3-none-any.whl", hash = "sha256:c401f4f8377c4464e6db25fff06205fd89bdd83b65eb0488ed1b160f780e21de" },
]

[[package]]
name = "graphviz"
version = "0.21"
source = { registry = "https://pypi.q.local/simple" }
wheels = [
    { url = "https://pypi.q.local/packages/graphviz-0.21-py3-none-any.whl", hash = "sha256:54f33de9f4f911d7e84e4191749cac8cc5653f815b06738c54db9a15ab8b1e42" },
]

[[package]]
name = "hamilton-composer"
version = "0.1.0a0"
source = { editable = "." }
dependencies = [
    { name = "click", marker = "sys_platform == 'win32'" },
    { name = "colorama", marker = "sys_platform == 'win32'" },
    { name = "hydra-core", marker = "sys_platform == 'win32'" },
    { name = "omegaconf", marker = "sys_platform == 'win32'" },
    { name = "rich", marker = "sys_platform == 'win32'" },
    { name = "sf-hamilton", marker = "sys_platform == 'win32'" },
]

[package.optional-dependencies]
graphviz = [
    { name = "graphviz", marker = "sys_platform == 'win32'" },
]
ipython = [
    { name = "ipython", marker = "sys_platform == 'win32'" },
]

[package.dev-dependencies]
dev = [
    { name = "mypy", marker = "sys_platform == 'win32'" },
    { name = "nox", marker = "sys_platform == 'win32'" },
    { name = "pre-commit", marker = "sys_platform == 'win32'" },
    { name = "ruff", marker = "sys_platform == 'win32'" },
    { name = "sf-hamilton-lsp", marker = "sys_platform == 'win32'" },
    { name = "types-pyyaml", marker = "sys_platform == 'win32'" },
]
test = [
    { name = "pytest", marker = "sys_platform == 'win32'" },
    { name = "pytest-cov", marker = "sys_platform == 'win32'" },
    { name = "pytest-mock", marker = "sys_platform == 'win32'" },
]

[package.metadata]
requires-dist = [
    { name = "click", specifier = ">=8.2.1" },
    { name = "colorama", specifier = ">=0.4.6" },
    { name = "graphviz", marker = "extra == 'graphviz'", specifier = ">=0.21" },
    { name = "hydra-core", specifier = ">=1.3.2" },
    { name = "ipython", marker = "extra == 'ipython'", specifier = ">=9.3.0" },
    { name = "omegaconf", specifier = ">=2.3.0" },
    { name = "rich", specifier = ">=12.0.0" },
    { name = "sf-hamilton", specifier = ">=1.88.0" },
]

[package.metadata.requires-dev]
dev = [
    { name = "mypy", specifier = ">=1.16.1" },
    { name = "nox", specifier = ">=2025.5.1" },
    { name = "pre-commit", specifier = ">=4.2.0" },
    { name = "ruff", specifier = ">=0.12.0" },
    { name = "sf-hamilton-lsp", specifier = ">=0.1.0" },
    { name = "types-pyyaml", specifier = ">=6.0.12.20250516" },
]
test = [
    { name = "pytest" },
    { name = "pytest-cov" },
    { name = "pytest-mock" },
]

[[package]]
name = "hydra-core"
version = "1.3.2"
source = { registry = "https://pypi.q.local/simple" }
dependencies = [
    { name = "antlr4-python3-runtime", marker = "sys_platform == 'win32'" },
    { name = "omegaconf", marker = "sys_platform == 'win32'" },
    { name = "packaging", marker = "sys_platform == 'win32'" },
]
wheels = [
    { url = "https://pypi.q.local/packages/hydra_core-1.3.2-py3-none-any.whl", hash = "sha256:fa0238a9e31df3373b35b0bfb672c34cc92718d21f81311d8996a16de1141d8b" },
]

[[package]]
name = "identify"
version = "2.6.12"
source = { registry = "https://pypi.q.local/simple" }
wheels = [
    { url = "https://pypi.q.local/packages/identify-2.6.12-py2.py3-none-any.whl", hash = "sha256:ad9672d5a72e0d2ff7c5c8809b62dfa60458626352fb0eb7b55e69bdc45334a2" },
]

[[package]]
name = "iniconfig"
version = "2.1.0"
source = { registry = "https://pypi.q.local/simple" }
wheels = [
    { url = "https://pypi.q.local/packages/iniconfig-2.1.0-py3-none-any.whl", hash = "sha256:9deba5723312380e77435581c6bf4935c94cbfab9b1ed33ef8d238ea168eb760" },
]

[[package]]
name = "ipython"
version = "9.3.0"
source = { registry = "https://pypi.q.local/simple" }
dependencies = [
    { name = "colorama", marker = "sys_platform == 'win32'" },
    { name = "decorator", marker = "sys_platform == 'win32'" },
    { name = "ipython-pygments-lexers", marker = "sys_platform == 'win32'" },
    { name = "jedi", marker = "sys_platform == 'win32'" },
    { name = "matplotlib-inline", marker = "sys_platform == 'win32'" },
    { name = "prompt-toolkit", marker = "sys_platform == 'win32'" },
    { name = "pygments", marker = "sys_platform == 'win32'" },
    { name = "stack-data", marker = "sys_platform == 'win32'" },
    { name = "traitlets", marker = "sys_platform == 'win32'" },
]
wheels = [
    { url = "https://pypi.q.local/packages/ipython-9.3.0-py3-none-any.whl", hash = "sha256:1a0b6dd9221a1f5dddf725b57ac0cb6fddc7b5f470576231ae9162b9b3455a04" },
]

[[package]]
name = "ipython-pygments-lexers"
version = "1.1.1"
source = { registry = "https://pypi.q.local/simple" }
dependencies = [
    { name = "pygments", marker = "sys_platform == 'win32'" },
]
wheels = [
    { url = "https://pypi.q.local/packages/ipython_pygments_lexers-1.1.1-py3-none-any.whl", hash = "sha256:a9462224a505ade19a605f71f8fa63c2048833ce50abc86768a0d81d876dc81c" },
]

[[package]]
name = "jedi"
version = "0.19.2"
source = { registry = "https://pypi.q.local/simple" }
dependencies = [
    { name = "parso", marker = "sys_platform == 'win32'" },
]
wheels = [
    { url = "https://pypi.q.local/packages/jedi-0.19.2-py2.py3-none-any.whl", hash = "sha256:a8ef22bde8490f57fe5c7681a3c83cb58874daf72b4784de3cce5b6ef6edb5b9" },
]

[[package]]
name = "lsprotocol"
version = "2023.0.1"
source = { registry = "https://pypi.q.local/simple" }
dependencies = [
    { name = "attrs", marker = "sys_platform == 'win32'" },
    { name = "cattrs", marker = "sys_platform == 'win32'" },
]
wheels = [
    { url = "https://pypi.q.local/packages/lsprotocol-2023.0.1-py3-none-any.whl", hash = "sha256:c75223c9e4af2f24272b14c6375787438279369236cd568f596d4951052a60f2" },
]

[[package]]
name = "markdown-it-py"
version = "3.0.0"
source = { registry = "https://pypi.q.local/simple" }
dependencies = [
    { name = "mdurl", marker = "sys_platform == 'win32'" },
]
wheels = [
    { url = "https://pypi.q.local/packages/markdown_it_py-3.0.0-py3-none-any.whl", hash = "sha256:355216845c60bd96232cd8d8c40e8f9765cc86f46880e43a8fd22dc1a1a8cab1" },
]

[[package]]
name = "matplotlib-inline"
version = "0.1.7"
source = { registry = "https://pypi.q.local/simple" }
dependencies = [
    { name = "traitlets", marker = "sys_platform == 'win32'" },
]
wheels = [
    { url = "https://pypi.q.local/packages/matplotlib_inline-0.1.7-py3-none-any.whl", hash = "sha256:df192d39a4ff8f21b1895d72e6a13f5fcc5099f00fa84384e0ea28c2cc0653ca" },
]

[[package]]
name = "mdurl"
version = "0.1.2"
source = { registry = "https://pypi.q.local/simple" }
wheels = [
    { url = "https://pypi.q.local/packages/mdurl-0.1.2-py3-none-any.whl", hash = "sha256:84008a41e51615a49fc9966191ff91509e3c40b939176e643fd50a5c2196b8f8" },
]

[[package]]
name = "mypy"
version = "1.16.1"
source = { registry = "https://pypi.q.local/simple" }
dependencies = [
    { name = "mypy-extensions", marker = "sys_platform == 'win32'" },
    { name = "pathspec", marker = "sys_platform == 'win32'" },
    { name = "typing-extensions", marker = "sys_platform == 'win32'" },
]
wheels = [
    { url = "https://pypi.q.local/packages/mypy-1.16.1-cp312-cp312-win_amd64.whl", hash = "sha256:1f0435cf920e287ff68af3d10a118a73f212deb2ce087619eb4e648116d1fe9b" },
]

[[package]]
name = "mypy-extensions"
version = "1.1.0"
source = { registry = "https://pypi.q.local/simple" }
wheels = [
    { url = "https://pypi.q.local/packages/mypy_extensions-1.1.0-py3-none-any.whl", hash = "sha256:1be4cccdb0f2482337c4743e60421de3a356cd97508abadd57d47403e94f5505" },
]

[[package]]
name = "networkx"
version = "3.5"
source = { registry = "https://pypi.q.local/simple" }
wheels = [
    { url = "https://pypi.q.local/packages/networkx-3.5-py3-none-any.whl", hash = "sha256:0030d386a9a06dee3565298b4a734b68589749a544acbb6c412dc9e2489ec6ec" },
]

[[package]]
name = "nodeenv"
version = "1.9.1"
source = { registry = "https://pypi.q.local/simple" }
wheels = [
    { url = "https://pypi.q.local/packages/nodeenv-1.9.1-py2.py3-none-any.whl", hash = "sha256:ba11c9782d29c27c70ffbdda2d7415098754709be8a7056d79a737cd901155c9" },
]

[[package]]
name = "nox"
version = "2025.5.1"
source = { registry = "https://pypi.q.local/simple" }
dependencies = [
    { name = "argcomplete", marker = "sys_platform == 'win32'" },
    { name = "attrs", marker = "sys_platform == 'win32'" },
    { name = "colorlog", marker = "sys_platform == 'win32'" },
    { name = "dependency-groups", marker = "sys_platform == 'win32'" },
    { name = "packaging", marker = "sys_platform == 'win32'" },
    { name = "virtualenv", marker = "sys_platform == 'win32'" },
]
wheels = [
    { url = "https://pypi.q.local/packages/nox-2025.5.1-py3-none-any.whl", hash = "sha256:56abd55cf37ff523c254fcec4d152ed51e5fe80e2ab8317221d8b828ac970a31" },
]

[[package]]
name = "numpy"
version = "2.3.1"
source = { registry = "https://pypi.q.local/simple" }
wheels = [
    { url = "https://pypi.q.local/packages/numpy-2.3.1-cp312-cp312-win_amd64.whl", hash = "sha256:cfecc7822543abdea6de08758091da655ea2210b8ffa1faf116b940693d3df76" },
]

[[package]]
name = "omegaconf"
version = "2.3.0"
source = { registry = "https://pypi.q.local/simple" }
dependencies = [
    { name = "antlr4-python3-runtime", marker = "sys_platform == 'win32'" },
    { name = "pyyaml", marker = "sys_platform == 'win32'" },
]
wheels = [
    { url = "https://pypi.q.local/packages/omegaconf-2.3.0-py3-none-any.whl", hash = "sha256:7b4df175cdb08ba400f45cae3bdcae7ba8365db4d165fc65fd04b050ab63b46b" },
]

[[package]]
name = "packaging"
version = "25.0"
source = { registry = "https://pypi.q.local/simple" }
wheels = [
    { url = "https://pypi.q.local/packages/packaging-25.0-py3-none-any.whl", hash = "sha256:29572ef2b1f17581046b3a2227d5c611fb25ec70ca1ba8554b24b0e69331a484" },
]

[[package]]
name = "pandas"
version = "2.3.0"
source = { registry = "https://pypi.q.local/simple" }
dependencies = [
    { name = "numpy", marker = "sys_platform == 'win32'" },
    { name = "python-dateutil", marker = "sys_platform == 'win32'" },
    { name = "pytz", marker = "sys_platform == 'win32'" },
    { name = "tzdata", marker = "sys_platform == 'win32'" },
]
wheels = [
    { url = "https://pypi.q.local/packages/pandas-2.3.0-cp312-cp312-win_amd64.whl", hash = "sha256:094e271a15b579650ebf4c5155c05dcd2a14fd4fdd72cf4854b2f7ad31ea30be" },
]

[[package]]
name = "parso"
version = "0.8.4"
source = { registry = "https://pypi.q.local/simple" }
wheels = [
    { url = "https://pypi.q.local/packages/parso-0.8.4-py2.py3-none-any.whl", hash = "sha256:a418670a20291dacd2dddc80c377c5c3791378ee1e8d12bffc35420643d43f18" },
]

[[package]]
name = "pathspec"
version = "0.12.1"
source = { registry = "https://pypi.q.local/simple" }
wheels = [
    { url = "https://pypi.q.local/packages/pathspec-0.12.1-py3-none-any.whl", hash = "sha256:a0d503e138a4c123b27490a4f7beda6a01c6f288df0e4a8b79c7eb0dc7b4cc08" },
]

[[package]]
name = "platformdirs"
version = "4.3.8"
source = { registry = "https://pypi.q.local/simple" }
wheels = [
    { url = "https://pypi.q.local/packages/platformdirs-4.3.8-py3-none-any.whl", hash = "sha256:ff7059bb7eb1179e2685604f4aaf157cfd9535242bd23742eadc3c13542139b4" },
]

[[package]]
name = "pluggy"
version = "1.6.0"
source = { registry = "https://pypi.q.local/simple" }
wheels = [
    { url = "https://pypi.q.local/packages/pluggy-1.6.0-py3-none-any.whl", hash = "sha256:e920276dd6813095e9377c0bc5566d94c932c33b27a3e3945d8389c374dd4746" },
]

[[package]]
name = "pre-commit"
version = "4.2.0"
source = { registry = "https://pypi.q.local/simple" }
dependencies = [
    { name = "cfgv", marker = "sys_platform == 'win32'" },
    { name = "identify", marker = "sys_platform == 'win32'" },
    { name = "nodeenv", marker = "sys_platform == 'win32'" },
    { name = "pyyaml", marker = "sys_platform == 'win32'" },
    { name = "virtualenv", marker = "sys_platform == 'win32'" },
]
wheels = [
    { url = "https://pypi.q.local/packages/pre_commit-4.2.0-py2.py3-none-any.whl", hash = "sha256:a009ca7205f1eb497d10b845e52c838a98b6cdd2102a6c8e4540e94ee75c58bd" },
]

[[package]]
name = "prompt-toolkit"
version = "3.0.51"
source = { registry = "https://pypi.q.local/simple" }
dependencies = [
    { name = "wcwidth", marker = "sys_platform == 'win32'" },
]
wheels = [
    { url = "https://pypi.q.local/packages/prompt_toolkit-3.0.51-py3-none-any.whl", hash = "sha256:52742911fde84e2d423e2f9a4cf1de7d7ac4e51958f648d9540e0fb8db077b07" },
]

[[package]]
name = "pure-eval"
version = "0.2.3"
source = { registry = "https://pypi.q.local/simple" }
wheels = [
    { url = "https://pypi.q.local/packages/pure_eval-0.2.3-py3-none-any.whl", hash = "sha256:1db8e35b67b3d218d818ae653e27f06c3aa420901fa7b081ca98cbedc874e0d0" },
]

[[package]]
name = "pygls"
version = "1.3.1"
source = { registry = "https://pypi.q.local/simple" }
dependencies = [
    { name = "cattrs", marker = "sys_platform == 'win32'" },
    { name = "lsprotocol", marker = "sys_platform == 'win32'" },
]
wheels = [
    { url = "https://pypi.q.local/packages/pygls-1.3.1-py3-none-any.whl", hash = "sha256:6e00f11efc56321bdeb6eac04f6d86131f654c7d49124344a9ebb968da3dd91e" },
]

[[package]]
name = "pygments"
version = "2.19.2"
source = { registry = "https://pypi.q.local/simple" }
wheels = [
    { url = "https://pypi.q.local/packages/pygments-2.19.2-py3-none-any.whl", hash = "sha256:86540386c03d588bb81d44bc3928634ff26449851e99741617ecb9037ee5ec0b" },
]

[[package]]
name = "pytest"
version = "8.4.1"
source = { registry = "https://pypi.q.local/simple" }
dependencies = [
    { name = "colorama", marker = "sys_platform == 'win32'" },
    { name = "iniconfig", marker = "sys_platform == 'win32'" },
    { name = "packaging", marker = "sys_platform == 'win32'" },
    { name = "pluggy", marker = "sys_platform == 'win32'" },
    { name = "pygments", marker = "sys_platform == 'win32'" },
]
wheels = [
    { url = "https://pypi.q.local/packages/pytest-8.4.1-py3-none-any.whl", hash = "sha256:539c70ba6fcead8e78eebbf1115e8b589e7565830d7d006a8723f19ac8a0afb7" },
]

[[package]]
name = "pytest-cov"
version = "6.2.1"
source = { registry = "https://pypi.q.local/simple" }
dependencies = [
    { name = "coverage", marker = "sys_platform == 'win32'" },
    { name = "pluggy", marker = "sys_platform == 'win32'" },
    { name = "pytest", marker = "sys_platform == 'win32'" },
]
wheels = [
    { url = "https://pypi.q.local/packages/pytest_cov-6.2.1-py3-none-any.whl", hash = "sha256:f5bc4c23f42f1cdd23c70b1dab1bbaef4fc505ba950d53e0081d0730dd7e86d5" },
]

[[package]]
name = "pytest-mock"
version = "3.14.1"
source = { registry = "https://pypi.q.local/simple" }
dependencies = [
    { name = "pytest", marker = "sys_platform == 'win32'" },
]
wheels = [
    { url = "https://pypi.q.local/packages/pytest_mock-3.14.1-py3-none-any.whl", hash = "sha256:178aefcd11307d874b4cd3100344e7e2d888d9791a6a1d9bfe90fbc1b74fd1d0" },
]

[[package]]
name = "python-dateutil"
version = "2.9.0.post0"
source = { registry = "https://pypi.q.local/simple" }
dependencies = [
    { name = "six", marker = "sys_platform == 'win32'" },
]
wheels = [
    { url = "https://pypi.q.local/packages/python_dateutil-2.9.0.post0-py2.py3-none-any.whl", hash = "sha256:a8b2bc7bffae282281c8140a97d3aa9c14da0b136dfe83f850eea9a5f7470427" },
]

[[package]]
name = "pytz"
version = "2025.2"
source = { registry = "https://pypi.q.local/simple" }
wheels = [
    { url = "https://pypi.q.local/packages/pytz-2025.2-py2.py3-none-any.whl", hash = "sha256:5ddf76296dd8c44c26eb8f4b6f35488f3ccbf6fbbd7adee0b7262d43f0ec2f00" },
]

[[package]]
name = "pyyaml"
version = "6.0.2"
source = { registry = "https://pypi.q.local/simple" }
wheels = [
    { url = "https://pypi.q.local/packages/PyYAML-6.0.2-cp312-cp312-win_amd64.whl", hash = "sha256:7e7401d0de89a9a855c839bc697c079a4af81cf878373abd7dc625847d25cbd8" },
]

[[package]]
name = "rich"
version = "14.0.0"
source = { registry = "https://pypi.q.local/simple" }
dependencies = [
    { name = "markdown-it-py", marker = "sys_platform == 'win32'" },
    { name = "pygments", marker = "sys_platform == 'win32'" },
]
wheels = [
    { url = "https://pypi.q.local/packages/rich-14.0.0-py3-none-any.whl", hash = "sha256:1c9491e1951aac09caffd42f448ee3d04e58923ffe14993f6e83068dc395d7e0" },
]

[[package]]
name = "ruff"
version = "0.12.1"
source = { registry = "https://pypi.q.local/simple" }
wheels = [
    { url = "https://pypi.q.local/packages/ruff-0.12.1-py3-none-win_amd64.whl", hash = "sha256:9e1123b1c033f77bd2590e4c1fe7e8ea72ef990a85d2484351d408224d603013" },
]

[[package]]
name = "sf-hamilton"
version = "1.88.0"
source = { registry = "https://pypi.q.local/simple" }
dependencies = [
    { name = "numpy", marker = "sys_platform == 'win32'" },
    { name = "pandas", marker = "sys_platform == 'win32'" },
    { name = "typing-extensions", marker = "sys_platform == 'win32'" },
    { name = "typing-inspect", marker = "sys_platform == 'win32'" },
]
wheels = [
    { url = "https://pypi.q.local/packages/sf_hamilton-1.88.0-py3-none-any.whl", hash = "sha256:f725d6f9cdcf39023dfab117d6b07d613580ab1dfcdd324fa86fa8d6301aa4f4" },
]

[package.optional-dependencies]
visualization = [
    { name = "graphviz", marker = "sys_platform == 'win32'" },
    { name = "networkx", marker = "sys_platform == 'win32'" },
]

[[package]]
name = "sf-hamilton-lsp"
version = "0.1.0"
source = { registry = "https://pypi.q.local/simple" }
dependencies = [
    { name = "pygls", marker = "sys_platform == 'win32'" },
    { name = "sf-hamilton", extra = ["visualization"], marker = "sys_platform == 'win32'" },
]
wheels = [
    { url = "https://pypi.q.local/packages/sf_hamilton_lsp-0.1.0-py3-none-any.whl", hash = "sha256:6f5f706a748be800dbdb9632b91205bb82d2033bd4553bf695f5ceef50a163ad" },
]

[[package]]
name = "six"
version = "1.17.0"
source = { registry = "https://pypi.q.local/simple" }
wheels = [
    { url = "https://pypi.q.local/packages/six-1.17.0-py2.py3-none-any.whl", hash = "sha256:4721f391ed90541fddacab5acf947aa0d3dc7d27b2e1e8eda2be8970586c3274" },
]

[[package]]
name = "stack-data"
version = "0.6.3"
source = { registry = "https://pypi.q.local/simple" }
dependencies = [
    { name = "asttokens", marker = "sys_platform == 'win32'" },
    { name = "executing", marker = "sys_platform == 'win32'" },
    { name = "pure-eval", marker = "sys_platform == 'win32'" },
]
wheels = [
    { url = "https://pypi.q.local/packages/stack_data-0.6.3-py3-none-any.whl", hash = "sha256:d5558e0c25a4cb0853cddad3d77da9891a08cb85dd9f9f91b9f8cd66e511e695" },
]

[[package]]
name = "traitlets"
version = "5.14.3"
source = { registry = "https://pypi.q.local/simple" }
wheels = [
    { url = "https://pypi.q.local/packages/traitlets-5.14.3-py3-none-any.whl", hash = "sha256:b74e89e397b1ed28cc831db7aea759ba6640cb3de13090ca145426688ff1ac4f" },
]

[[package]]
name = "types-pyyaml"
version = "6.0.12.20250516"
source = { registry = "https://pypi.q.local/simple" }
wheels = [
    { url = "https://pypi.q.local/packages/types_pyyaml-6.0.12.20250516-py3-none-any.whl", hash = "sha256:8478208feaeb53a34cb5d970c56a7cd76b72659442e733e268a94dc72b2d0530" },
]

[[package]]
name = "typing-extensions"
version = "4.14.0"
source = { registry = "https://pypi.q.local/simple" }
wheels = [
    { url = "https://pypi.q.local/packages/typing_extensions-4.14.0-py3-none-any.whl", hash = "sha256:a1514509136dd0b477638fc68d6a91497af5076466ad0fa6c338e44e359944af" },
]

[[package]]
name = "typing-inspect"
version = "0.9.0"
source = { registry = "https://pypi.q.local/simple" }
dependencies = [
    { name = "mypy-extensions", marker = "sys_platform == 'win32'" },
    { name = "typing-extensions", marker = "sys_platform == 'win32'" },
]
wheels = [
    { url = "https://pypi.q.local/packages/typing_inspect-0.9.0-py3-none-any.whl", hash = "sha256:9ee6fc59062311ef8547596ab6b955e1b8aa46242d854bfc78f4f6b0eff35f9f" },
]

[[package]]
name = "tzdata"
version = "2025.2"
source = { registry = "https://pypi.q.local/simple" }
wheels = [
    { url = "https://pypi.q.local/packages/tzdata-2025.2-py2.py3-none-any.whl", hash = "sha256:1a403fada01ff9221ca8044d701868fa132215d84beb92242d9acd2147f667a8" },
]

[[package]]
name = "virtualenv"
version = "20.31.2"
source = { registry = "https://pypi.q.local/simple" }
dependencies = [
    { name = "distlib", marker = "sys_platform == 'win32'" },
    { name = "filelock", marker = "sys_platform == 'win32'" },
    { name = "platformdirs", marker = "sys_platform == 'win32'" },
]
wheels = [
    { url = "https://pypi.q.local/packages/virtualenv-20.31.2-py3-none-any.whl", hash = "sha256:36efd0d9650ee985f0cad72065001e66d49a6f24eb44d98980f630686243cf11" },
]

[[package]]
name = "wcwidth"
version = "0.2.13"
source = { registry = "https://pypi.q.local/simple" }
wheels = [
    { url = "https://pypi.q.local/packages/wcwidth-0.2.13-py2.py3-none-any.whl", hash = "sha256:3da69048e4540d84af32131829ff948f1e022c1c6bdb8d6102117aac784f6859" },
]
